// !$*UTF8*$!
{
	archiveVersion = 1;
	classes = {
	};
	objectVersion = 46;
	objects = {

/* Begin PBXBuildFile section */
		8A24A32316B2029800952C44 /* speedSquareD57.png in Resources */ = {isa = PBXBuildFile; fileRef = 8A24A32216B2029800952C44 /* speedSquareD57.png */; };
		8A24A32616B202A200952C44 /* speedSquareD114.png in Resources */ = {isa = PBXBuildFile; fileRef = 8A24A32516B202A200952C44 /* speedSquareD114.png */; };
		8A7A63C016B19A38006B3359 /* UIKit.framework in Frameworks */ = {isa = PBXBuildFile; fileRef = 8A7A63BF16B19A38006B3359 /* UIKit.framework */; };
		8A7A63C216B19A38006B3359 /* Foundation.framework in Frameworks */ = {isa = PBXBuildFile; fileRef = 8A7A63C116B19A38006B3359 /* Foundation.framework */; };
		8A7A63C416B19A38006B3359 /* CoreGraphics.framework in Frameworks */ = {isa = PBXBuildFile; fileRef = 8A7A63C316B19A38006B3359 /* CoreGraphics.framework */; };
		8A7A63CA16B19A38006B3359 /* InfoPlist.strings in Resources */ = {isa = PBXBuildFile; fileRef = 8A7A63C816B19A38006B3359 /* InfoPlist.strings */; };
		8A7A63CC16B19A38006B3359 /* main.m in Sources */ = {isa = PBXBuildFile; fileRef = 8A7A63CB16B19A38006B3359 /* main.m */; };
		8A7A63D016B19A39006B3359 /* speedSquareDosAppDelegate.m in Sources */ = {isa = PBXBuildFile; fileRef = 8A7A63CF16B19A39006B3359 /* speedSquareDosAppDelegate.m */; };
		8A7A63D216B19A39006B3359 /* Default.png in Resources */ = {isa = PBXBuildFile; fileRef = 8A7A63D116B19A39006B3359 /* Default.png */; };
		8A7A63D416B19A39006B3359 /* Default@2x.png in Resources */ = {isa = PBXBuildFile; fileRef = 8A7A63D316B19A39006B3359 /* Default@2x.png */; };
		8A7A63D616B19A39006B3359 /* Default-568h@2x.png in Resources */ = {isa = PBXBuildFile; fileRef = 8A7A63D516B19A39006B3359 /* Default-568h@2x.png */; };
		8A7A63D916B19A39006B3359 /* MainStoryboard.storyboard in Resources */ = {isa = PBXBuildFile; fileRef = 8A7A63D716B19A39006B3359 /* MainStoryboard.storyboard */; };
		8A7A63DC16B19A39006B3359 /* speedSquareDosViewController.m in Sources */ = {isa = PBXBuildFile; fileRef = 8A7A63DB16B19A39006B3359 /* speedSquareDosViewController.m */; };
		8A7A63E416B19A3A006B3359 /* SenTestingKit.framework in Frameworks */ = {isa = PBXBuildFile; fileRef = 8A7A63E316B19A3A006B3359 /* SenTestingKit.framework */; };
		8A7A63E516B19A3A006B3359 /* UIKit.framework in Frameworks */ = {isa = PBXBuildFile; fileRef = 8A7A63BF16B19A38006B3359 /* UIKit.framework */; };
		8A7A63E616B19A3A006B3359 /* Foundation.framework in Frameworks */ = {isa = PBXBuildFile; fileRef = 8A7A63C116B19A38006B3359 /* Foundation.framework */; };
		8A7A63EE16B19A3A006B3359 /* InfoPlist.strings in Resources */ = {isa = PBXBuildFile; fileRef = 8A7A63EC16B19A3A006B3359 /* InfoPlist.strings */; };
		8A7A63F116B19A3A006B3359 /* speedSquareDosTests.m in Sources */ = {isa = PBXBuildFile; fileRef = 8A7A63F016B19A3A006B3359 /* speedSquareDosTests.m */; };
		8A7A63FF16B1A482006B3359 /* checkMark.png in Resources */ = {isa = PBXBuildFile; fileRef = 8A7A63FE16B1A482006B3359 /* checkMark.png */; };
		8A7A640116B1A4D6006B3359 /* iAd.framework in Frameworks */ = {isa = PBXBuildFile; fileRef = 8A7A640016B1A4D6006B3359 /* iAd.framework */; };
		8A7A640316B1A4DC006B3359 /* GameKit.framework in Frameworks */ = {isa = PBXBuildFile; fileRef = 8A7A640216B1A4DC006B3359 /* GameKit.framework */; };
		8A7EF8A016B362BF00D0458C /* bomb.jpg in Resources */ = {isa = PBXBuildFile; fileRef = 8A7EF89F16B362BF00D0458C /* bomb.jpg */; };
		8A7EF8A716B36C1000D0458C /* fuse.png in Resources */ = {isa = PBXBuildFile; fileRef = 8A7EF8A616B36C1000D0458C /* fuse.png */; };
		8A7EF8BD16B37CDE00D0458C /* e1.png in Resources */ = {isa = PBXBuildFile; fileRef = 8A7EF8B016B37CDE00D0458C /* e1.png */; };
		8A7EF8BE16B37CDE00D0458C /* e2.png in Resources */ = {isa = PBXBuildFile; fileRef = 8A7EF8B116B37CDE00D0458C /* e2.png */; };
		8A7EF8BF16B37CDE00D0458C /* e3.png in Resources */ = {isa = PBXBuildFile; fileRef = 8A7EF8B216B37CDE00D0458C /* e3.png */; };
		8A7EF8C016B37CDE00D0458C /* e4.png in Resources */ = {isa = PBXBuildFile; fileRef = 8A7EF8B316B37CDE00D0458C /* e4.png */; };
		8A7EF8C116B37CDE00D0458C /* e5.png in Resources */ = {isa = PBXBuildFile; fileRef = 8A7EF8B416B37CDE00D0458C /* e5.png */; };
		8A7EF8C216B37CDE00D0458C /* e6.png in Resources */ = {isa = PBXBuildFile; fileRef = 8A7EF8B516B37CDE00D0458C /* e6.png */; };
		8A7EF8C316B37CDE00D0458C /* e7.png in Resources */ = {isa = PBXBuildFile; fileRef = 8A7EF8B616B37CDE00D0458C /* e7.png */; };
		8A7EF8C416B37CDE00D0458C /* e8.png in Resources */ = {isa = PBXBuildFile; fileRef = 8A7EF8B716B37CDE00D0458C /* e8.png */; };
		8A7EF8C516B37CDE00D0458C /* e9.png in Resources */ = {isa = PBXBuildFile; fileRef = 8A7EF8B816B37CDE00D0458C /* e9.png */; };
		8A7EF8C616B37CDE00D0458C /* e10.png in Resources */ = {isa = PBXBuildFile; fileRef = 8A7EF8B916B37CDE00D0458C /* e10.png */; };
		8A7EF8C716B37CDE00D0458C /* e11.png in Resources */ = {isa = PBXBuildFile; fileRef = 8A7EF8BA16B37CDE00D0458C /* e11.png */; };
		8A7EF8C816B37CDE00D0458C /* e12.png in Resources */ = {isa = PBXBuildFile; fileRef = 8A7EF8BB16B37CDE00D0458C /* e12.png */; };
		8A7EF8C916B37CDE00D0458C /* avisRealSubViewController.m in Sources */ = {isa = PBXBuildFile; fileRef = 8A7EF8BC16B37CDE00D0458C /* avisRealSubViewController.m */; };
/* End PBXBuildFile section */

/* Begin PBXContainerItemProxy section */
		8A7A63E716B19A3A006B3359 /* PBXContainerItemProxy */ = {
			isa = PBXContainerItemProxy;
			containerPortal = 8A7A63B216B19A37006B3359 /* Project object */;
			proxyType = 1;
			remoteGlobalIDString = 8A7A63BA16B19A38006B3359;
			remoteInfo = speedSquareDos;
		};
/* End PBXContainerItemProxy section */

/* Begin PBXFileReference section */
		8A24A32216B2029800952C44 /* speedSquareD57.png */ = {isa = PBXFileReference; lastKnownFileType = image.png; name = speedSquareD57.png; path = ../../speedSquareD57.png; sourceTree = "<group>"; };
		8A24A32516B202A200952C44 /* speedSquareD114.png */ = {isa = PBXFileReference; lastKnownFileType = image.png; name = speedSquareD114.png; path = ../../speedSquareD114.png; sourceTree = "<group>"; };
		8A7A63BB16B19A38006B3359 /* speedSquareDos.app */ = {isa = PBXFileReference; explicitFileType = wrapper.application; includeInIndex = 0; path = speedSquareDos.app; sourceTree = BUILT_PRODUCTS_DIR; };
		8A7A63BF16B19A38006B3359 /* UIKit.framework */ = {isa = PBXFileReference; lastKnownFileType = wrapper.framework; name = UIKit.framework; path = System/Library/Frameworks/UIKit.framework; sourceTree = SDKROOT; };
		8A7A63C116B19A38006B3359 /* Foundation.framework */ = {isa = PBXFileReference; lastKnownFileType = wrapper.framework; name = Foundation.framework; path = System/Library/Frameworks/Foundation.framework; sourceTree = SDKROOT; };
		8A7A63C316B19A38006B3359 /* CoreGraphics.framework */ = {isa = PBXFileReference; lastKnownFileType = wrapper.framework; name = CoreGraphics.framework; path = System/Library/Frameworks/CoreGraphics.framework; sourceTree = SDKROOT; };
		8A7A63C716B19A38006B3359 /* speedSquareDos-Info.plist */ = {isa = PBXFileReference; lastKnownFileType = text.plist.xml; path = "speedSquareDos-Info.plist"; sourceTree = "<group>"; };
		8A7A63C916B19A38006B3359 /* en */ = {isa = PBXFileReference; lastKnownFileType = text.plist.strings; name = en; path = en.lproj/InfoPlist.strings; sourceTree = "<group>"; };
		8A7A63CB16B19A38006B3359 /* main.m */ = {isa = PBXFileReference; lastKnownFileType = sourcecode.c.objc; path = main.m; sourceTree = "<group>"; };
		8A7A63CD16B19A38006B3359 /* speedSquareDos-Prefix.pch */ = {isa = PBXFileReference; lastKnownFileType = sourcecode.c.h; path = "speedSquareDos-Prefix.pch"; sourceTree = "<group>"; };
		8A7A63CE16B19A39006B3359 /* speedSquareDosAppDelegate.h */ = {isa = PBXFileReference; lastKnownFileType = sourcecode.c.h; path = speedSquareDosAppDelegate.h; sourceTree = "<group>"; };
		8A7A63CF16B19A39006B3359 /* speedSquareDosAppDelegate.m */ = {isa = PBXFileReference; lastKnownFileType = sourcecode.c.objc; path = speedSquareDosAppDelegate.m; sourceTree = "<group>"; };
		8A7A63D116B19A39006B3359 /* Default.png */ = {isa = PBXFileReference; lastKnownFileType = image.png; path = Default.png; sourceTree = "<group>"; };
		8A7A63D316B19A39006B3359 /* Default@2x.png */ = {isa = PBXFileReference; lastKnownFileType = image.png; path = "Default@2x.png"; sourceTree = "<group>"; };
		8A7A63D516B19A39006B3359 /* Default-568h@2x.png */ = {isa = PBXFileReference; lastKnownFileType = image.png; path = "Default-568h@2x.png"; sourceTree = "<group>"; };
		8A7A63D816B19A39006B3359 /* en */ = {isa = PBXFileReference; lastKnownFileType = file.storyboard; name = en; path = en.lproj/MainStoryboard.storyboard; sourceTree = "<group>"; };
		8A7A63DA16B19A39006B3359 /* speedSquareDosViewController.h */ = {isa = PBXFileReference; lastKnownFileType = sourcecode.c.h; path = speedSquareDosViewController.h; sourceTree = "<group>"; };
		8A7A63DB16B19A39006B3359 /* speedSquareDosViewController.m */ = {isa = PBXFileReference; lastKnownFileType = sourcecode.c.objc; path = speedSquareDosViewController.m; sourceTree = "<group>"; };
		8A7A63E216B19A3A006B3359 /* speedSquareDosTests.octest */ = {isa = PBXFileReference; explicitFileType = wrapper.cfbundle; includeInIndex = 0; path = speedSquareDosTests.octest; sourceTree = BUILT_PRODUCTS_DIR; };
		8A7A63E316B19A3A006B3359 /* SenTestingKit.framework */ = {isa = PBXFileReference; lastKnownFileType = wrapper.framework; name = SenTestingKit.framework; path = Library/Frameworks/SenTestingKit.framework; sourceTree = DEVELOPER_DIR; };
		8A7A63EB16B19A3A006B3359 /* speedSquareDosTests-Info.plist */ = {isa = PBXFileReference; lastKnownFileType = text.plist.xml; path = "speedSquareDosTests-Info.plist"; sourceTree = "<group>"; };
		8A7A63ED16B19A3A006B3359 /* en */ = {isa = PBXFileReference; lastKnownFileType = text.plist.strings; name = en; path = en.lproj/InfoPlist.strings; sourceTree = "<group>"; };
		8A7A63EF16B19A3A006B3359 /* speedSquareDosTests.h */ = {isa = PBXFileReference; lastKnownFileType = sourcecode.c.h; path = speedSquareDosTests.h; sourceTree = "<group>"; };
		8A7A63F016B19A3A006B3359 /* speedSquareDosTests.m */ = {isa = PBXFileReference; lastKnownFileType = sourcecode.c.objc; path = speedSquareDosTests.m; sourceTree = "<group>"; };
		8A7A63FE16B1A482006B3359 /* checkMark.png */ = {isa = PBXFileReference; lastKnownFileType = image.png; name = checkMark.png; path = "../Speed Square/Speed Square/pics/checkMark.png"; sourceTree = "<group>"; };
		8A7A640016B1A4D6006B3359 /* iAd.framework */ = {isa = PBXFileReference; lastKnownFileType = wrapper.framework; name = iAd.framework; path = System/Library/Frameworks/iAd.framework; sourceTree = SDKROOT; };
		8A7A640216B1A4DC006B3359 /* GameKit.framework */ = {isa = PBXFileReference; lastKnownFileType = wrapper.framework; name = GameKit.framework; path = System/Library/Frameworks/GameKit.framework; sourceTree = SDKROOT; };
		8A7EF89F16B362BF00D0458C /* bomb.jpg */ = {isa = PBXFileReference; lastKnownFileType = image.jpeg; name = bomb.jpg; path = ../../bomb.jpg; sourceTree = "<group>"; };
		8A7EF8A616B36C1000D0458C /* fuse.png */ = {isa = PBXFileReference; lastKnownFileType = image.png; name = fuse.png; path = ../../fuse.png; sourceTree = "<group>"; };
		8A7EF8B016B37CDE00D0458C /* e1.png */ = {isa = PBXFileReference; lastKnownFileType = image.png; name = e1.png; path = ../avisRealSub/pics/e1.png; sourceTree = "<group>"; };
		8A7EF8B116B37CDE00D0458C /* e2.png */ = {isa = PBXFileReference; lastKnownFileType = image.png; name = e2.png; path = ../avisRealSub/pics/e2.png; sourceTree = "<group>"; };
		8A7EF8B216B37CDE00D0458C /* e3.png */ = {isa = PBXFileReference; lastKnownFileType = image.png; name = e3.png; path = ../avisRealSub/pics/e3.png; sourceTree = "<group>"; };
		8A7EF8B316B37CDE00D0458C /* e4.png */ = {isa = PBXFileReference; lastKnownFileType = image.png; name = e4.png; path = ../avisRealSub/pics/e4.png; sourceTree = "<group>"; };
		8A7EF8B416B37CDE00D0458C /* e5.png */ = {isa = PBXFileReference; lastKnownFileType = image.png; name = e5.png; path = ../avisRealSub/pics/e5.png; sourceTree = "<group>"; };
		8A7EF8B516B37CDE00D0458C /* e6.png */ = {isa = PBXFileReference; lastKnownFileType = image.png; name = e6.png; path = ../avisRealSub/pics/e6.png; sourceTree = "<group>"; };
		8A7EF8B616B37CDE00D0458C /* e7.png */ = {isa = PBXFileReference; lastKnownFileType = image.png; name = e7.png; path = ../avisRealSub/pics/e7.png; sourceTree = "<group>"; };
		8A7EF8B716B37CDE00D0458C /* e8.png */ = {isa = PBXFileReference; lastKnownFileType = image.png; name = e8.png; path = ../avisRealSub/pics/e8.png; sourceTree = "<group>"; };
		8A7EF8B816B37CDE00D0458C /* e9.png */ = {isa = PBXFileReference; lastKnownFileType = image.png; name = e9.png; path = ../avisRealSub/pics/e9.png; sourceTree = "<group>"; };
		8A7EF8B916B37CDE00D0458C /* e10.png */ = {isa = PBXFileReference; lastKnownFileType = image.png; name = e10.png; path = ../avisRealSub/pics/e10.png; sourceTree = "<group>"; };
		8A7EF8BA16B37CDE00D0458C /* e11.png */ = {isa = PBXFileReference; lastKnownFileType = image.png; name = e11.png; path = ../avisRealSub/pics/e11.png; sourceTree = "<group>"; };
		8A7EF8BB16B37CDE00D0458C /* e12.png */ = {isa = PBXFileReference; lastKnownFileType = image.png; name = e12.png; path = ../avisRealSub/pics/e12.png; sourceTree = "<group>"; };
		8A7EF8BC16B37CDE00D0458C /* avisRealSubViewController.m */ = {isa = PBXFileReference; fileEncoding = 4; lastKnownFileType = sourcecode.c.objc; name = avisRealSubViewController.m; path = ../avisRealSub/avisRealSub/avisRealSubViewController.m; sourceTree = "<group>"; };
/* End PBXFileReference section */

/* Begin PBXFrameworksBuildPhase section */
		8A7A63B816B19A38006B3359 /* Frameworks */ = {
			isa = PBXFrameworksBuildPhase;
			buildActionMask = 2147483647;
			files = (
				8A7A640316B1A4DC006B3359 /* GameKit.framework in Frameworks */,
				8A7A640116B1A4D6006B3359 /* iAd.framework in Frameworks */,
				8A7A63C016B19A38006B3359 /* UIKit.framework in Frameworks */,
				8A7A63C216B19A38006B3359 /* Foundation.framework in Frameworks */,
				8A7A63C416B19A38006B3359 /* CoreGraphics.framework in Frameworks */,
			);
			runOnlyForDeploymentPostprocessing = 0;
		};
		8A7A63DE16B19A3A006B3359 /* Frameworks */ = {
			isa = PBXFrameworksBuildPhase;
			buildActionMask = 2147483647;
			files = (
				8A7A63E416B19A3A006B3359 /* SenTestingKit.framework in Frameworks */,
				8A7A63E516B19A3A006B3359 /* UIKit.framework in Frameworks */,
				8A7A63E616B19A3A006B3359 /* Foundation.framework in Frameworks */,
			);
			runOnlyForDeploymentPostprocessing = 0;
		};
/* End PBXFrameworksBuildPhase section */

/* Begin PBXGroup section */
		8A7A63B016B19A36006B3359 = {
			isa = PBXGroup;
			children = (
				8A24A32216B2029800952C44 /* speedSquareD57.png */,
				8A24A32516B202A200952C44 /* speedSquareD114.png */,
				8A7EF8B016B37CDE00D0458C /* e1.png */,
				8A7EF8B116B37CDE00D0458C /* e2.png */,
				8A7EF8B216B37CDE00D0458C /* e3.png */,
				8A7EF8B316B37CDE00D0458C /* e4.png */,
				8A7EF8B416B37CDE00D0458C /* e5.png */,
				8A7EF8B516B37CDE00D0458C /* e6.png */,
				8A7EF8B616B37CDE00D0458C /* e7.png */,
				8A7EF8B716B37CDE00D0458C /* e8.png */,
				8A7EF8B816B37CDE00D0458C /* e9.png */,
				8A7EF8B916B37CDE00D0458C /* e10.png */,
				8A7EF8BA16B37CDE00D0458C /* e11.png */,
				8A7EF8BB16B37CDE00D0458C /* e12.png */,
				8A7EF8BC16B37CDE00D0458C /* avisRealSubViewController.m */,
				8A7A63FE16B1A482006B3359 /* checkMark.png */,
				8A7EF8A616B36C1000D0458C /* fuse.png */,
				8A7EF89F16B362BF00D0458C /* bomb.jpg */,
				8A7A63C516B19A38006B3359 /* speedSquareDos */,
				8A7A63E916B19A3A006B3359 /* speedSquareDosTests */,
				8A7A63BE16B19A38006B3359 /* Frameworks */,
				8A7A63BC16B19A38006B3359 /* Products */,
			);
			sourceTree = "<group>";
		};
		8A7A63BC16B19A38006B3359 /* Products */ = {
			isa = PBXGroup;
			children = (
				8A7A63BB16B19A38006B3359 /* speedSquareDos.app */,
				8A7A63E216B19A3A006B3359 /* speedSquareDosTests.octest */,
			);
			name = Products;
			sourceTree = "<group>";
		};
		8A7A63BE16B19A38006B3359 /* Frameworks */ = {
			isa = PBXGroup;
			children = (
				8A7A640016B1A4D6006B3359 /* iAd.framework */,
				8A7A640216B1A4DC006B3359 /* GameKit.framework */,
				8A7A63BF16B19A38006B3359 /* UIKit.framework */,
				8A7A63C116B19A38006B3359 /* Foundation.framework */,
				8A7A63C316B19A38006B3359 /* CoreGraphics.framework */,
				8A7A63E316B19A3A006B3359 /* SenTestingKit.framework */,
			);
			name = Frameworks;
			sourceTree = "<group>";
		};
		8A7A63C516B19A38006B3359 /* speedSquareDos */ = {
			isa = PBXGroup;
			children = (
				8A7A63CE16B19A39006B3359 /* speedSquareDosAppDelegate.h */,
				8A7A63CF16B19A39006B3359 /* speedSquareDosAppDelegate.m */,
				8A7A63D716B19A39006B3359 /* MainStoryboard.storyboard */,
				8A7A63DA16B19A39006B3359 /* speedSquareDosViewController.h */,
				8A7A63DB16B19A39006B3359 /* speedSquareDosViewController.m */,
				8A7A63C616B19A38006B3359 /* Supporting Files */,
			);
			path = speedSquareDos;
			sourceTree = "<group>";
		};
		8A7A63C616B19A38006B3359 /* Supporting Files */ = {
			isa = PBXGroup;
			children = (
				8A7A63C716B19A38006B3359 /* speedSquareDos-Info.plist */,
				8A7A63C816B19A38006B3359 /* InfoPlist.strings */,
				8A7A63CB16B19A38006B3359 /* main.m */,
				8A7A63CD16B19A38006B3359 /* speedSquareDos-Prefix.pch */,
				8A7A63D116B19A39006B3359 /* Default.png */,
				8A7A63D316B19A39006B3359 /* Default@2x.png */,
				8A7A63D516B19A39006B3359 /* Default-568h@2x.png */,
			);
			name = "Supporting Files";
			sourceTree = "<group>";
		};
		8A7A63E916B19A3A006B3359 /* speedSquareDosTests */ = {
			isa = PBXGroup;
			children = (
				8A7A63EF16B19A3A006B3359 /* speedSquareDosTests.h */,
				8A7A63F016B19A3A006B3359 /* speedSquareDosTests.m */,
				8A7A63EA16B19A3A006B3359 /* Supporting Files */,
			);
			path = speedSquareDosTests;
			sourceTree = "<group>";
		};
		8A7A63EA16B19A3A006B3359 /* Supporting Files */ = {
			isa = PBXGroup;
			children = (
				8A7A63EB16B19A3A006B3359 /* speedSquareDosTests-Info.plist */,
				8A7A63EC16B19A3A006B3359 /* InfoPlist.strings */,
			);
			name = "Supporting Files";
			sourceTree = "<group>";
		};
/* End PBXGroup section */

/* Begin PBXNativeTarget section */
		8A7A63BA16B19A38006B3359 /* speedSquareDos */ = {
			isa = PBXNativeTarget;
			buildConfigurationList = 8A7A63F416B19A3A006B3359 /* Build configuration list for PBXNativeTarget "speedSquareDos" */;
			buildPhases = (
				8A7A63B716B19A38006B3359 /* Sources */,
				8A7A63B816B19A38006B3359 /* Frameworks */,
				8A7A63B916B19A38006B3359 /* Resources */,
			);
			buildRules = (
			);
			dependencies = (
			);
			name = speedSquareDos;
			productName = speedSquareDos;
			productReference = 8A7A63BB16B19A38006B3359 /* speedSquareDos.app */;
			productType = "com.apple.product-type.application";
		};
		8A7A63E116B19A3A006B3359 /* speedSquareDosTests */ = {
			isa = PBXNativeTarget;
			buildConfigurationList = 8A7A63F716B19A3A006B3359 /* Build configuration list for PBXNativeTarget "speedSquareDosTests" */;
			buildPhases = (
				8A7A63DD16B19A3A006B3359 /* Sources */,
				8A7A63DE16B19A3A006B3359 /* Frameworks */,
				8A7A63DF16B19A3A006B3359 /* Resources */,
				8A7A63E016B19A3A006B3359 /* ShellScript */,
			);
			buildRules = (
			);
			dependencies = (
				8A7A63E816B19A3A006B3359 /* PBXTargetDependency */,
			);
			name = speedSquareDosTests;
			productName = speedSquareDosTests;
			productReference = 8A7A63E216B19A3A006B3359 /* speedSquareDosTests.octest */;
			productType = "com.apple.product-type.bundle.ocunit-test";
		};
/* End PBXNativeTarget section */

/* Begin PBXProject section */
		8A7A63B216B19A37006B3359 /* Project object */ = {
			isa = PBXProject;
			attributes = {
				CLASSPREFIX = speedSquareDos;
				LastTestingUpgradeCheck = 0720;
				LastUpgradeCheck = 0450;
				ORGANIZATIONNAME = "Steven Grutman";
				TargetAttributes = {
					8A7A63BA16B19A38006B3359 = {
						DevelopmentTeam = 78PV2V3EX4;
					};
				};
			};
			buildConfigurationList = 8A7A63B516B19A37006B3359 /* Build configuration list for PBXProject "speedSquareDos" */;
			compatibilityVersion = "Xcode 3.2";
			developmentRegion = English;
			hasScannedForEncodings = 0;
			knownRegions = (
				en,
			);
			mainGroup = 8A7A63B016B19A36006B3359;
			productRefGroup = 8A7A63BC16B19A38006B3359 /* Products */;
			projectDirPath = "";
			projectRoot = "";
			targets = (
				8A7A63BA16B19A38006B3359 /* speedSquareDos */,
				8A7A63E116B19A3A006B3359 /* speedSquareDosTests */,
			);
		};
/* End PBXProject section */

/* Begin PBXResourcesBuildPhase section */
		8A7A63B916B19A38006B3359 /* Resources */ = {
			isa = PBXResourcesBuildPhase;
			buildActionMask = 2147483647;
			files = (
				8A7A63CA16B19A38006B3359 /* InfoPlist.strings in Resources */,
				8A7A63D216B19A39006B3359 /* Default.png in Resources */,
				8A7A63D416B19A39006B3359 /* Default@2x.png in Resources */,
				8A7A63D616B19A39006B3359 /* Default-568h@2x.png in Resources */,
				8A7A63D916B19A39006B3359 /* MainStoryboard.storyboard in Resources */,
				8A7A63FF16B1A482006B3359 /* checkMark.png in Resources */,
				8A24A32316B2029800952C44 /* speedSquareD57.png in Resources */,
				8A24A32616B202A200952C44 /* speedSquareD114.png in Resources */,
				8A7EF8A016B362BF00D0458C /* bomb.jpg in Resources */,
				8A7EF8A716B36C1000D0458C /* fuse.png in Resources */,
				8A7EF8BD16B37CDE00D0458C /* e1.png in Resources */,
				8A7EF8BE16B37CDE00D0458C /* e2.png in Resources */,
				8A7EF8BF16B37CDE00D0458C /* e3.png in Resources */,
				8A7EF8C016B37CDE00D0458C /* e4.png in Resources */,
				8A7EF8C116B37CDE00D0458C /* e5.png in Resources */,
				8A7EF8C216B37CDE00D0458C /* e6.png in Resources */,
				8A7EF8C316B37CDE00D0458C /* e7.png in Resources */,
				8A7EF8C416B37CDE00D0458C /* e8.png in Resources */,
				8A7EF8C516B37CDE00D0458C /* e9.png in Resources */,
				8A7EF8C616B37CDE00D0458C /* e10.png in Resources */,
				8A7EF8C716B37CDE00D0458C /* e11.png in Resources */,
				8A7EF8C816B37CDE00D0458C /* e12.png in Resources */,
			);
			runOnlyForDeploymentPostprocessing = 0;
		};
		8A7A63DF16B19A3A006B3359 /* Resources */ = {
			isa = PBXResourcesBuildPhase;
			buildActionMask = 2147483647;
			files = (
				8A7A63EE16B19A3A006B3359 /* InfoPlist.strings in Resources */,
			);
			runOnlyForDeploymentPostprocessing = 0;
		};
/* End PBXResourcesBuildPhase section */

/* Begin PBXShellScriptBuildPhase section */
		8A7A63E016B19A3A006B3359 /* ShellScript */ = {
			isa = PBXShellScriptBuildPhase;
			buildActionMask = 2147483647;
			files = (
			);
			inputPaths = (
			);
			outputPaths = (
			);
			runOnlyForDeploymentPostprocessing = 0;
			shellPath = /bin/sh;
			shellScript = "# Run the unit tests in this test bundle.\n\"${SYSTEM_DEVELOPER_DIR}/Tools/RunUnitTests\"\n";
		};
/* End PBXShellScriptBuildPhase section */

/* Begin PBXSourcesBuildPhase section */
		8A7A63B716B19A38006B3359 /* Sources */ = {
			isa = PBXSourcesBuildPhase;
			buildActionMask = 2147483647;
			files = (
				8A7A63CC16B19A38006B3359 /* main.m in Sources */,
				8A7A63D016B19A39006B3359 /* speedSquareDosAppDelegate.m in Sources */,
				8A7A63DC16B19A39006B3359 /* speedSquareDosViewController.m in Sources */,
				8A7EF8C916B37CDE00D0458C /* avisRealSubViewController.m in Sources */,
			);
			runOnlyForDeploymentPostprocessing = 0;
		};
		8A7A63DD16B19A3A006B3359 /* Sources */ = {
			isa = PBXSourcesBuildPhase;
			buildActionMask = 2147483647;
			files = (
				8A7A63F116B19A3A006B3359 /* speedSquareDosTests.m in Sources */,
			);
			runOnlyForDeploymentPostprocessing = 0;
		};
/* End PBXSourcesBuildPhase section */

/* Begin PBXTargetDependency section */
		8A7A63E816B19A3A006B3359 /* PBXTargetDependency */ = {
			isa = PBXTargetDependency;
			target = 8A7A63BA16B19A38006B3359 /* speedSquareDos */;
			targetProxy = 8A7A63E716B19A3A006B3359 /* PBXContainerItemProxy */;
		};
/* End PBXTargetDependency section */

/* Begin PBXVariantGroup section */
		8A7A63C816B19A38006B3359 /* InfoPlist.strings */ = {
			isa = PBXVariantGroup;
			children = (
				8A7A63C916B19A38006B3359 /* en */,
			);
			name = InfoPlist.strings;
			sourceTree = "<group>";
		};
		8A7A63D716B19A39006B3359 /* MainStoryboard.storyboard */ = {
			isa = PBXVariantGroup;
			children = (
				8A7A63D816B19A39006B3359 /* en */,
			);
			name = MainStoryboard.storyboard;
			sourceTree = "<group>";
		};
		8A7A63EC16B19A3A006B3359 /* InfoPlist.strings */ = {
			isa = PBXVariantGroup;
			children = (
				8A7A63ED16B19A3A006B3359 /* en */,
			);
			name = InfoPlist.strings;
			sourceTree = "<group>";
		};
/* End PBXVariantGroup section */

/* Begin XCBuildConfiguration section */
		8A7A63F216B19A3A006B3359 /* Debug */ = {
			isa = XCBuildConfiguration;
			buildSettings = {
				ALWAYS_SEARCH_USER_PATHS = NO;
				CLANG_CXX_LANGUAGE_STANDARD = "gnu++0x";
				CLANG_CXX_LIBRARY = "libc++";
				CLANG_ENABLE_OBJC_ARC = YES;
				CLANG_WARN_EMPTY_BODY = YES;
				CLANG_WARN__DUPLICATE_METHOD_MATCH = YES;
				"CODE_SIGN_IDENTITY[sdk=iphoneos*]" = "iPhone Developer";
				COPY_PHASE_STRIP = NO;
				GCC_C_LANGUAGE_STANDARD = gnu99;
				GCC_DYNAMIC_NO_PIC = NO;
				GCC_OPTIMIZATION_LEVEL = 0;
				GCC_PREPROCESSOR_DEFINITIONS = (
					"DEBUG=1",
					"$(inherited)",
				);
				GCC_SYMBOLS_PRIVATE_EXTERN = NO;
				GCC_WARN_ABOUT_RETURN_TYPE = YES;
				GCC_WARN_UNINITIALIZED_AUTOS = YES;
				GCC_WARN_UNUSED_VARIABLE = YES;
				IPHONEOS_DEPLOYMENT_TARGET = 6.0;
				SDKROOT = iphoneos;
			};
			name = Debug;
		};
		8A7A63F316B19A3A006B3359 /* Release */ = {
			isa = XCBuildConfiguration;
			buildSettings = {
				ALWAYS_SEARCH_USER_PATHS = NO;
				CLANG_CXX_LANGUAGE_STANDARD = "gnu++0x";
				CLANG_CXX_LIBRARY = "libc++";
				CLANG_ENABLE_OBJC_ARC = YES;
				CLANG_WARN_EMPTY_BODY = YES;
				CLANG_WARN__DUPLICATE_METHOD_MATCH = YES;
				"CODE_SIGN_IDENTITY[sdk=iphoneos*]" = "iPhone Developer";
				COPY_PHASE_STRIP = YES;
				GCC_C_LANGUAGE_STANDARD = gnu99;
				GCC_WARN_ABOUT_RETURN_TYPE = YES;
				GCC_WARN_UNINITIALIZED_AUTOS = YES;
				GCC_WARN_UNUSED_VARIABLE = YES;
				IPHONEOS_DEPLOYMENT_TARGET = 6.0;
				OTHER_CFLAGS = "-DNS_BLOCK_ASSERTIONS=1";
				SDKROOT = iphoneos;
				VALIDATE_PRODUCT = YES;
			};
			name = Release;
		};
		8A7A63F516B19A3A006B3359 /* Debug */ = {
			isa = XCBuildConfiguration;
			buildSettings = {
				CODE_SIGN_IDENTITY = "iPhone Developer";
				GCC_PRECOMPILE_PREFIX_HEADER = YES;
				GCC_PREFIX_HEADER = "speedSquareDos/speedSquareDos-Prefix.pch";
				INFOPLIST_FILE = "speedSquareDos/speedSquareDos-Info.plist";
				PRODUCT_NAME = "$(TARGET_NAME)";
				WRAPPER_EXTENSION = app;
			};
			name = Debug;
		};
		8A7A63F616B19A3A006B3359 /* Release */ = {
			isa = XCBuildConfiguration;
			buildSettings = {
				CODE_SIGN_IDENTITY = "iPhone Developer";
				GCC_PRECOMPILE_PREFIX_HEADER = YES;
				GCC_PREFIX_HEADER = "speedSquareDos/speedSquareDos-Prefix.pch";
				INFOPLIST_FILE = "speedSquareDos/speedSquareDos-Info.plist";
				PRODUCT_NAME = "$(TARGET_NAME)";
				WRAPPER_EXTENSION = app;
			};
			name = Release;
		};
		8A7A63F816B19A3A006B3359 /* Debug */ = {
			isa = XCBuildConfiguration;
			buildSettings = {
				BUNDLE_LOADER = "$(BUILT_PRODUCTS_DIR)/speedSquareDos.app/speedSquareDos";
				FRAMEWORK_SEARCH_PATHS = (
					"\"$(SDKROOT)/Developer/Library/Frameworks\"",
					"\"$(DEVELOPER_LIBRARY_DIR)/Frameworks\"",
				);
				GCC_PRECOMPILE_PREFIX_HEADER = YES;
				GCC_PREFIX_HEADER = "speedSquareDos/speedSquareDos-Prefix.pch";
				INFOPLIST_FILE = "speedSquareDosTests/speedSquareDosTests-Info.plist";
				PRODUCT_NAME = "$(TARGET_NAME)";
				TEST_HOST = "$(BUNDLE_LOADER)";
				WRAPPER_EXTENSION = octest;
			};
			name = Debug;
		};
		8A7A63F916B19A3A006B3359 /* Release */ = {
			isa = XCBuildConfiguration;
			buildSettings = {
				BUNDLE_LOADER = "$(BUILT_PRODUCTS_DIR)/speedSquareDos.app/speedSquareDos";
				FRAMEWORK_SEARCH_PATHS = (
					"\"$(SDKROOT)/Developer/Library/Frameworks\"",
					"\"$(DEVELOPER_LIBRARY_DIR)/Frameworks\"",
				);
				GCC_PRECOMPILE_PREFIX_HEADER = YES;
				GCC_PREFIX_HEADER = "speedSquareDos/speedSquareDos-Prefix.pch";
				INFOPLIST_FILE = "speedSquareDosTests/speedSquareDosTests-Info.plist";
				PRODUCT_NAME = "$(TARGET_NAME)";
				TEST_HOST = "$(BUNDLE_LOADER)";
				WRAPPER_EXTENSION = octest;
			};
			name = Release;
		};
/* End XCBuildConfiguration section */

/* Begin XCConfigurationList section */
		8A7A63B516B19A37006B3359 /* Build configuration list for PBXProject "speedSquareDos" */ = {
			isa = XCConfigurationList;
			buildConfigurations = (
				8A7A63F216B19A3A006B3359 /* Debug */,
				8A7A63F316B19A3A006B3359 /* Release */,
			);
			defaultConfigurationIsVisible = 0;
			defaultConfigurationName = Release;
		};
		8A7A63F416B19A3A006B3359 /* Build configuration list for PBXNativeTarget "speedSquareDos" */ = {
			isa = XCConfigurationList;
			buildConfigurations = (
				8A7A63F516B19A3A006B3359 /* Debug */,
				8A7A63F616B19A3A006B3359 /* Release */,
			);
			defaultConfigurationIsVisible = 0;
			defaultConfigurationName = Release;
		};
		8A7A63F716B19A3A006B3359 /* Build configuration list for PBXNativeTarget "speedSquareDosTests" */ = {
			isa = XCConfigurationList;
			buildConfigurations = (
				8A7A63F816B19A3A006B3359 /* Debug */,
				8A7A63F916B19A3A006B3359 /* Release */,
			);
			defaultConfigurationIsVisible = 0;
			defaultConfigurationName = Release;
		};
/* End XCConfigurationList section */
	};
	rootObject = 8A7A63B216B19A37006B3359 /* Project object */;
}
