// !$*UTF8*$!
{
	archiveVersion = 1;
	classes = {
	};
	objectVersion = 46;
	objects = {

/* Begin PBXBuildFile section */
		340599141C4A176700AD2677 /* AppDelegate.swift in Sources */ = {isa = PBXBuildFile; fileRef = 340599131C4A176700AD2677 /* AppDelegate.swift */; };
		340599161C4A176700AD2677 /* ViewController.swift in Sources */ = {isa = PBXBuildFile; fileRef = 340599151C4A176700AD2677 /* ViewController.swift */; };
		340599191C4A176700AD2677 /* Main.storyboard in Resources */ = {isa = PBXBuildFile; fileRef = 340599171C4A176700AD2677 /* Main.storyboard */; };
		3405991B1C4A176700AD2677 /* Assets.xcassets in Resources */ = {isa = PBXBuildFile; fileRef = 3405991A1C4A176700AD2677 /* Assets.xcassets */; };
		3405991E1C4A176700AD2677 /* LaunchScreen.storyboard in Resources */ = {isa = PBXBuildFile; fileRef = 3405991C1C4A176700AD2677 /* LaunchScreen.storyboard */; };
		340599291C4A176700AD2677 /* looseChangeTests.swift in Sources */ = {isa = PBXBuildFile; fileRef = 340599281C4A176700AD2677 /* looseChangeTests.swift */; };
		340599341C4A176700AD2677 /* looseChangeUITests.swift in Sources */ = {isa = PBXBuildFile; fileRef = 340599331C4A176700AD2677 /* looseChangeUITests.swift */; };
		340599451C4A186200AD2677 /* 1cent.png in Resources */ = {isa = PBXBuildFile; fileRef = 340599411C4A186200AD2677 /* 1cent.png */; };
		340599461C4A186200AD2677 /* 10cent.png in Resources */ = {isa = PBXBuildFile; fileRef = 340599421C4A186200AD2677 /* 10cent.png */; };
		340599471C4A186200AD2677 /* 25cent.png in Resources */ = {isa = PBXBuildFile; fileRef = 340599431C4A186200AD2677 /* 25cent.png */; };
		340599481C4A186200AD2677 /* dollar.png in Resources */ = {isa = PBXBuildFile; fileRef = 340599441C4A186200AD2677 /* dollar.png */; };
		34BD71381C4D666200DBE5A0 /* dime.png in Resources */ = {isa = PBXBuildFile; fileRef = 34BD71331C4D666200DBE5A0 /* dime.png */; };
		34BD71391C4D666200DBE5A0 /* dollar.jpg in Resources */ = {isa = PBXBuildFile; fileRef = 34BD71341C4D666200DBE5A0 /* dollar.jpg */; };
		34BD713A1C4D666200DBE5A0 /* nickel.png in Resources */ = {isa = PBXBuildFile; fileRef = 34BD71351C4D666200DBE5A0 /* nickel.png */; };
		34BD713B1C4D666200DBE5A0 /* penny.png in Resources */ = {isa = PBXBuildFile; fileRef = 34BD71361C4D666200DBE5A0 /* penny.png */; };
		34BD713C1C4D666200DBE5A0 /* quarter.png in Resources */ = {isa = PBXBuildFile; fileRef = 34BD71371C4D666200DBE5A0 /* quarter.png */; };
		34BD713E1C4D685600DBE5A0 /* 5cent.png in Resources */ = {isa = PBXBuildFile; fileRef = 34BD713D1C4D685600DBE5A0 /* 5cent.png */; };
		34BD71401C4D6F2A00DBE5A0 /* X.png in Resources */ = {isa = PBXBuildFile; fileRef = 34BD713F1C4D6F2A00DBE5A0 /* X.png */; };
/* End PBXBuildFile section */

/* Begin PBXContainerItemProxy section */
		340599251C4A176700AD2677 /* PBXContainerItemProxy */ = {
			isa = PBXContainerItemProxy;
			containerPortal = 340599081C4A176700AD2677 /* Project object */;
			proxyType = 1;
			remoteGlobalIDString = 3405990F1C4A176700AD2677;
			remoteInfo = looseChange;
		};
		340599301C4A176700AD2677 /* PBXContainerItemProxy */ = {
			isa = PBXContainerItemProxy;
			containerPortal = 340599081C4A176700AD2677 /* Project object */;
			proxyType = 1;
			remoteGlobalIDString = 3405990F1C4A176700AD2677;
			remoteInfo = looseChange;
		};
/* End PBXContainerItemProxy section */

/* Begin PBXFileReference section */
		340599101C4A176700AD2677 /* looseChange.app */ = {isa = PBXFileReference; explicitFileType = wrapper.application; includeInIndex = 0; path = looseChange.app; sourceTree = BUILT_PRODUCTS_DIR; };
		340599131C4A176700AD2677 /* AppDelegate.swift */ = {isa = PBXFileReference; lastKnownFileType = sourcecode.swift; path = AppDelegate.swift; sourceTree = "<group>"; };
		340599151C4A176700AD2677 /* ViewController.swift */ = {isa = PBXFileReference; lastKnownFileType = sourcecode.swift; path = ViewController.swift; sourceTree = "<group>"; };
		340599181C4A176700AD2677 /* Base */ = {isa = PBXFileReference; lastKnownFileType = file.storyboard; name = Base; path = Base.lproj/Main.storyboard; sourceTree = "<group>"; };
		3405991A1C4A176700AD2677 /* Assets.xcassets */ = {isa = PBXFileReference; lastKnownFileType = folder.assetcatalog; path = Assets.xcassets; sourceTree = "<group>"; };
		3405991D1C4A176700AD2677 /* Base */ = {isa = PBXFileReference; lastKnownFileType = file.storyboard; name = Base; path = Base.lproj/LaunchScreen.storyboard; sourceTree = "<group>"; };
		3405991F1C4A176700AD2677 /* Info.plist */ = {isa = PBXFileReference; lastKnownFileType = text.plist.xml; path = Info.plist; sourceTree = "<group>"; };
		340599241C4A176700AD2677 /* looseChangeTests.xctest */ = {isa = PBXFileReference; explicitFileType = wrapper.cfbundle; includeInIndex = 0; path = looseChangeTests.xctest; sourceTree = BUILT_PRODUCTS_DIR; };
		340599281C4A176700AD2677 /* looseChangeTests.swift */ = {isa = PBXFileReference; lastKnownFileType = sourcecode.swift; path = looseChangeTests.swift; sourceTree = "<group>"; };
		3405992A1C4A176700AD2677 /* Info.plist */ = {isa = PBXFileReference; lastKnownFileType = text.plist.xml; path = Info.plist; sourceTree = "<group>"; };
		3405992F1C4A176700AD2677 /* looseChangeUITests.xctest */ = {isa = PBXFileReference; explicitFileType = wrapper.cfbundle; includeInIndex = 0; path = looseChangeUITests.xctest; sourceTree = BUILT_PRODUCTS_DIR; };
		340599331C4A176700AD2677 /* looseChangeUITests.swift */ = {isa = PBXFileReference; lastKnownFileType = sourcecode.swift; path = looseChangeUITests.swift; sourceTree = "<group>"; };
		340599351C4A176700AD2677 /* Info.plist */ = {isa = PBXFileReference; lastKnownFileType = text.plist.xml; path = Info.plist; sourceTree = "<group>"; };
		340599411C4A186200AD2677 /* 1cent.png */ = {isa = PBXFileReference; lastKnownFileType = image.png; path = 1cent.png; sourceTree = SOURCE_ROOT; };
		340599421C4A186200AD2677 /* 10cent.png */ = {isa = PBXFileReference; lastKnownFileType = image.png; path = 10cent.png; sourceTree = SOURCE_ROOT; };
		340599431C4A186200AD2677 /* 25cent.png */ = {isa = PBXFileReference; lastKnownFileType = image.png; path = 25cent.png; sourceTree = SOURCE_ROOT; };
		340599441C4A186200AD2677 /* dollar.png */ = {isa = PBXFileReference; lastKnownFileType = image.png; path = dollar.png; sourceTree = SOURCE_ROOT; };
		34BD71331C4D666200DBE5A0 /* dime.png */ = {isa = PBXFileReference; lastKnownFileType = image.png; path = dime.png; sourceTree = SOURCE_ROOT; };
		34BD71341C4D666200DBE5A0 /* dollar.jpg */ = {isa = PBXFileReference; lastKnownFileType = image.jpeg; path = dollar.jpg; sourceTree = SOURCE_ROOT; };
		34BD71351C4D666200DBE5A0 /* nickel.png */ = {isa = PBXFileReference; lastKnownFileType = image.png; path = nickel.png; sourceTree = SOURCE_ROOT; };
		34BD71361C4D666200DBE5A0 /* penny.png */ = {isa = PBXFileReference; lastKnownFileType = image.png; path = penny.png; sourceTree = SOURCE_ROOT; };
		34BD71371C4D666200DBE5A0 /* quarter.png */ = {isa = PBXFileReference; lastKnownFileType = image.png; path = quarter.png; sourceTree = SOURCE_ROOT; };
		34BD713D1C4D685600DBE5A0 /* 5cent.png */ = {isa = PBXFileReference; lastKnownFileType = image.png; path = 5cent.png; sourceTree = SOURCE_ROOT; };
		34BD713F1C4D6F2A00DBE5A0 /* X.png */ = {isa = PBXFileReference; lastKnownFileType = image.png; path = X.png; sourceTree = SOURCE_ROOT; };
/* End PBXFileReference section */

/* Begin PBXFrameworksBuildPhase section */
		3405990D1C4A176700AD2677 /* Frameworks */ = {
			isa = PBXFrameworksBuildPhase;
			buildActionMask = 2147483647;
			files = (
			);
			runOnlyForDeploymentPostprocessing = 0;
		};
		340599211C4A176700AD2677 /* Frameworks */ = {
			isa = PBXFrameworksBuildPhase;
			buildActionMask = 2147483647;
			files = (
			);
			runOnlyForDeploymentPostprocessing = 0;
		};
		3405992C1C4A176700AD2677 /* Frameworks */ = {
			isa = PBXFrameworksBuildPhase;
			buildActionMask = 2147483647;
			files = (
			);
			runOnlyForDeploymentPostprocessing = 0;
		};
/* End PBXFrameworksBuildPhase section */

/* Begin PBXGroup section */
		340599071C4A176700AD2677 = {
			isa = PBXGroup;
			children = (
				340599121C4A176700AD2677 /* looseChange */,
				340599271C4A176700AD2677 /* looseChangeTests */,
				340599321C4A176700AD2677 /* looseChangeUITests */,
				340599111C4A176700AD2677 /* Products */,
			);
			sourceTree = "<group>";
		};
		340599111C4A176700AD2677 /* Products */ = {
			isa = PBXGroup;
			children = (
				340599101C4A176700AD2677 /* looseChange.app */,
				340599241C4A176700AD2677 /* looseChangeTests.xctest */,
				3405992F1C4A176700AD2677 /* looseChangeUITests.xctest */,
			);
			name = Products;
			sourceTree = "<group>";
		};
		340599121C4A176700AD2677 /* looseChange */ = {
			isa = PBXGroup;
			children = (
				340599411C4A186200AD2677 /* 1cent.png */,
				340599421C4A186200AD2677 /* 10cent.png */,
				340599431C4A186200AD2677 /* 25cent.png */,
				340599441C4A186200AD2677 /* dollar.png */,
				34BD71331C4D666200DBE5A0 /* dime.png */,
				34BD713D1C4D685600DBE5A0 /* 5cent.png */,
				34BD713F1C4D6F2A00DBE5A0 /* X.png */,
				34BD71341C4D666200DBE5A0 /* dollar.jpg */,
				34BD71351C4D666200DBE5A0 /* nickel.png */,
				34BD71361C4D666200DBE5A0 /* penny.png */,
				34BD71371C4D666200DBE5A0 /* quarter.png */,
				340599131C4A176700AD2677 /* AppDelegate.swift */,
				340599151C4A176700AD2677 /* ViewController.swift */,
				340599171C4A176700AD2677 /* Main.storyboard */,
				3405991A1C4A176700AD2677 /* Assets.xcassets */,
				3405991C1C4A176700AD2677 /* LaunchScreen.storyboard */,
				3405991F1C4A176700AD2677 /* Info.plist */,
			);
			path = looseChange;
			sourceTree = "<group>";
		};
		340599271C4A176700AD2677 /* looseChangeTests */ = {
			isa = PBXGroup;
			children = (
				340599281C4A176700AD2677 /* looseChangeTests.swift */,
				3405992A1C4A176700AD2677 /* Info.plist */,
			);
			path = looseChangeTests;
			sourceTree = "<group>";
		};
		340599321C4A176700AD2677 /* looseChangeUITests */ = {
			isa = PBXGroup;
			children = (
				340599331C4A176700AD2677 /* looseChangeUITests.swift */,
				340599351C4A176700AD2677 /* Info.plist */,
			);
			path = looseChangeUITests;
			sourceTree = "<group>";
		};
/* End PBXGroup section */

/* Begin PBXNativeTarget section */
		3405990F1C4A176700AD2677 /* looseChange */ = {
			isa = PBXNativeTarget;
			buildConfigurationList = 340599381C4A176700AD2677 /* Build configuration list for PBXNativeTarget "looseChange" */;
			buildPhases = (
				3405990C1C4A176700AD2677 /* Sources */,
				3405990D1C4A176700AD2677 /* Frameworks */,
				3405990E1C4A176700AD2677 /* Resources */,
			);
			buildRules = (
			);
			dependencies = (
			);
			name = looseChange;
			productName = looseChange;
			productReference = 340599101C4A176700AD2677 /* looseChange.app */;
			productType = "com.apple.product-type.application";
		};
		340599231C4A176700AD2677 /* looseChangeTests */ = {
			isa = PBXNativeTarget;
			buildConfigurationList = 3405993B1C4A176700AD2677 /* Build configuration list for PBXNativeTarget "looseChangeTests" */;
			buildPhases = (
				340599201C4A176700AD2677 /* Sources */,
				340599211C4A176700AD2677 /* Frameworks */,
				340599221C4A176700AD2677 /* Resources */,
			);
			buildRules = (
			);
			dependencies = (
				340599261C4A176700AD2677 /* PBXTargetDependency */,
			);
			name = looseChangeTests;
			productName = looseChangeTests;
			productReference = 340599241C4A176700AD2677 /* looseChangeTests.xctest */;
			productType = "com.apple.product-type.bundle.unit-test";
		};
		3405992E1C4A176700AD2677 /* looseChangeUITests */ = {
			isa = PBXNativeTarget;
			buildConfigurationList = 3405993E1C4A176700AD2677 /* Build configuration list for PBXNativeTarget "looseChangeUITests" */;
			buildPhases = (
				3405992B1C4A176700AD2677 /* Sources */,
				3405992C1C4A176700AD2677 /* Frameworks */,
				3405992D1C4A176700AD2677 /* Resources */,
			);
			buildRules = (
			);
			dependencies = (
				340599311C4A176700AD2677 /* PBXTargetDependency */,
			);
			name = looseChangeUITests;
			productName = looseChangeUITests;
			productReference = 3405992F1C4A176700AD2677 /* looseChangeUITests.xctest */;
			productType = "com.apple.product-type.bundle.ui-testing";
		};
/* End PBXNativeTarget section */

/* Begin PBXProject section */
		340599081C4A176700AD2677 /* Project object */ = {
			isa = PBXProject;
			attributes = {
				LastSwiftUpdateCheck = 0720;
				LastUpgradeCheck = 0720;
				ORGANIZATIONNAME = "Steven Grutman";
				TargetAttributes = {
					3405990F1C4A176700AD2677 = {
						CreatedOnToolsVersion = 7.2;
					};
					340599231C4A176700AD2677 = {
						CreatedOnToolsVersion = 7.2;
						TestTargetID = 3405990F1C4A176700AD2677;
					};
					3405992E1C4A176700AD2677 = {
						CreatedOnToolsVersion = 7.2;
						TestTargetID = 3405990F1C4A176700AD2677;
					};
				};
			};
			buildConfigurationList = 3405990B1C4A176700AD2677 /* Build configuration list for PBXProject "looseChange" */;
			compatibilityVersion = "Xcode 3.2";
			developmentRegion = English;
			hasScannedForEncodings = 0;
			knownRegions = (
				en,
				Base,
			);
			mainGroup = 340599071C4A176700AD2677;
			productRefGroup = 340599111C4A176700AD2677 /* Products */;
			projectDirPath = "";
			projectRoot = "";
			targets = (
				3405990F1C4A176700AD2677 /* looseChange */,
				340599231C4A176700AD2677 /* looseChangeTests */,
				3405992E1C4A176700AD2677 /* looseChangeUITests */,
			);
		};
/* End PBXProject section */

/* Begin PBXResourcesBuildPhase section */
		3405990E1C4A176700AD2677 /* Resources */ = {
			isa = PBXResourcesBuildPhase;
			buildActionMask = 2147483647;
			files = (
				3405991E1C4A176700AD2677 /* LaunchScreen.storyboard in Resources */,
				3405991B1C4A176700AD2677 /* Assets.xcassets in Resources */,
				34BD71381C4D666200DBE5A0 /* dime.png in Resources */,
				340599481C4A186200AD2677 /* dollar.png in Resources */,
				34BD71401C4D6F2A00DBE5A0 /* X.png in Resources */,
				340599471C4A186200AD2677 /* 25cent.png in Resources */,
				34BD713A1C4D666200DBE5A0 /* nickel.png in Resources */,
				34BD713C1C4D666200DBE5A0 /* quarter.png in Resources */,
				340599191C4A176700AD2677 /* Main.storyboard in Resources */,
				34BD713B1C4D666200DBE5A0 /* penny.png in Resources */,
				340599451C4A186200AD2677 /* 1cent.png in Resources */,
				34BD71391C4D666200DBE5A0 /* dollar.jpg in Resources */,
				34BD713E1C4D685600DBE5A0 /* 5cent.png in Resources */,
				340599461C4A186200AD2677 /* 10cent.png in Resources */,
			);
			runOnlyForDeploymentPostprocessing = 0;
		};
		340599221C4A176700AD2677 /* Resources */ = {
			isa = PBXResourcesBuildPhase;
			buildActionMask = 2147483647;
			files = (
			);
			runOnlyForDeploymentPostprocessing = 0;
		};
		3405992D1C4A176700AD2677 /* Resources */ = {
			isa = PBXResourcesBuildPhase;
			buildActionMask = 2147483647;
			files = (
			);
			runOnlyForDeploymentPostprocessing = 0;
		};
/* End PBXResourcesBuildPhase section */

/* Begin PBXSourcesBuildPhase section */
		3405990C1C4A176700AD2677 /* Sources */ = {
			isa = PBXSourcesBuildPhase;
			buildActionMask = 2147483647;
			files = (
				340599161C4A176700AD2677 /* ViewController.swift in Sources */,
				340599141C4A176700AD2677 /* AppDelegate.swift in Sources */,
			);
			runOnlyForDeploymentPostprocessing = 0;
		};
		340599201C4A176700AD2677 /* Sources */ = {
			isa = PBXSourcesBuildPhase;
			buildActionMask = 2147483647;
			files = (
				340599291C4A176700AD2677 /* looseChangeTests.swift in Sources */,
			);
			runOnlyForDeploymentPostprocessing = 0;
		};
		3405992B1C4A176700AD2677 /* Sources */ = {
			isa = PBXSourcesBuildPhase;
			buildActionMask = 2147483647;
			files = (
				340599341C4A176700AD2677 /* looseChangeUITests.swift in Sources */,
			);
			runOnlyForDeploymentPostprocessing = 0;
		};
/* End PBXSourcesBuildPhase section */

/* Begin PBXTargetDependency section */
		340599261C4A176700AD2677 /* PBXTargetDependency */ = {
			isa = PBXTargetDependency;
			target = 3405990F1C4A176700AD2677 /* looseChange */;
			targetProxy = 340599251C4A176700AD2677 /* PBXContainerItemProxy */;
		};
		340599311C4A176700AD2677 /* PBXTargetDependency */ = {
			isa = PBXTargetDependency;
			target = 3405990F1C4A176700AD2677 /* looseChange */;
			targetProxy = 340599301C4A176700AD2677 /* PBXContainerItemProxy */;
		};
/* End PBXTargetDependency section */

/* Begin PBXVariantGroup section */
		340599171C4A176700AD2677 /* Main.storyboard */ = {
			isa = PBXVariantGroup;
			children = (
				340599181C4A176700AD2677 /* Base */,
			);
			name = Main.storyboard;
			sourceTree = "<group>";
		};
		3405991C1C4A176700AD2677 /* LaunchScreen.storyboard */ = {
			isa = PBXVariantGroup;
			children = (
				3405991D1C4A176700AD2677 /* Base */,
			);
			name = LaunchScreen.storyboard;
			sourceTree = "<group>";
		};
/* End PBXVariantGroup section */

/* Begin XCBuildConfiguration section */
		340599361C4A176700AD2677 /* Debug */ = {
			isa = XCBuildConfiguration;
			buildSettings = {
				ALWAYS_SEARCH_USER_PATHS = NO;
				CLANG_CXX_LANGUAGE_STANDARD = "gnu++0x";
				CLANG_CXX_LIBRARY = "libc++";
				CLANG_ENABLE_MODULES = YES;
				CLANG_ENABLE_OBJC_ARC = YES;
				CLANG_WARN_BOOL_CONVERSION = YES;
				CLANG_WARN_CONSTANT_CONVERSION = YES;
				CLANG_WARN_DIRECT_OBJC_ISA_USAGE = YES_ERROR;
				CLANG_WARN_EMPTY_BODY = YES;
				CLANG_WARN_ENUM_CONVERSION = YES;
				CLANG_WARN_INT_CONVERSION = YES;
				CLANG_WARN_OBJC_ROOT_CLASS = YES_ERROR;
				CLANG_WARN_UNREACHABLE_CODE = YES;
				CLANG_WARN__DUPLICATE_METHOD_MATCH = YES;
				"CODE_SIGN_IDENTITY[sdk=iphoneos*]" = "iPhone Developer";
				COPY_PHASE_STRIP = NO;
				DEBUG_INFORMATION_FORMAT = dwarf;
				ENABLE_STRICT_OBJC_MSGSEND = YES;
				ENABLE_TESTABILITY = YES;
				GCC_C_LANGUAGE_STANDARD = gnu99;
				GCC_DYNAMIC_NO_PIC = NO;
				GCC_NO_COMMON_BLOCKS = YES;
				GCC_OPTIMIZATION_LEVEL = 0;
				GCC_PREPROCESSOR_DEFINITIONS = (
					"DEBUG=1",
					"$(inherited)",
				);
				GCC_WARN_64_TO_32_BIT_CONVERSION = YES;
				GCC_WARN_ABOUT_RETURN_TYPE = YES_ERROR;
				GCC_WARN_UNDECLARED_SELECTOR = YES;
				GCC_WARN_UNINITIALIZED_AUTOS = YES_AGGRESSIVE;
				GCC_WARN_UNUSED_FUNCTION = YES;
				GCC_WARN_UNUSED_VARIABLE = YES;
				IPHONEOS_DEPLOYMENT_TARGET = 9.2;
				MTL_ENABLE_DEBUG_INFO = YES;
				ONLY_ACTIVE_ARCH = YES;
				SDKROOT = iphoneos;
				SWIFT_OPTIMIZATION_LEVEL = "-Onone";
				TARGETED_DEVICE_FAMILY = "1,2";
			};
			name = Debug;
		};
		340599371C4A176700AD2677 /* Release */ = {
			isa = XCBuildConfiguration;
			buildSettings = {
				ALWAYS_SEARCH_USER_PATHS = NO;
				CLANG_CXX_LANGUAGE_STANDARD = "gnu++0x";
				CLANG_CXX_LIBRARY = "libc++";
				CLANG_ENABLE_MODULES = YES;
				CLANG_ENABLE_OBJC_ARC = YES;
				CLANG_WARN_BOOL_CONVERSION = YES;
				CLANG_WARN_CONSTANT_CONVERSION = YES;
				CLANG_WARN_DIRECT_OBJC_ISA_USAGE = YES_ERROR;
				CLANG_WARN_EMPTY_BODY = YES;
				CLANG_WARN_ENUM_CONVERSION = YES;
				CLANG_WARN_INT_CONVERSION = YES;
				CLANG_WARN_OBJC_ROOT_CLASS = YES_ERROR;
				CLANG_WARN_UNREACHABLE_CODE = YES;
				CLANG_WARN__DUPLICATE_METHOD_MATCH = YES;
				"CODE_SIGN_IDENTITY[sdk=iphoneos*]" = "iPhone Developer";
				COPY_PHASE_STRIP = NO;
				DEBUG_INFORMATION_FORMAT = "dwarf-with-dsym";
				ENABLE_NS_ASSERTIONS = NO;
				ENABLE_STRICT_OBJC_MSGSEND = YES;
				GCC_C_LANGUAGE_STANDARD = gnu99;
				GCC_NO_COMMON_BLOCKS = YES;
				GCC_WARN_64_TO_32_BIT_CONVERSION = YES;
				GCC_WARN_ABOUT_RETURN_TYPE = YES_ERROR;
				GCC_WARN_UNDECLARED_SELECTOR = YES;
				GCC_WARN_UNINITIALIZED_AUTOS = YES_AGGRESSIVE;
				GCC_WARN_UNUSED_FUNCTION = YES;
				GCC_WARN_UNUSED_VARIABLE = YES;
				IPHONEOS_DEPLOYMENT_TARGET = 9.2;
				MTL_ENABLE_DEBUG_INFO = NO;
				SDKROOT = iphoneos;
				TARGETED_DEVICE_FAMILY = "1,2";
				VALIDATE_PRODUCT = YES;
			};
			name = Release;
		};
		340599391C4A176700AD2677 /* Debug */ = {
			isa = XCBuildConfiguration;
			buildSettings = {
				ASSETCATALOG_COMPILER_APPICON_NAME = AppIcon;
				INFOPLIST_FILE = looseChange/Info.plist;
				LD_RUNPATH_SEARCH_PATHS = "$(inherited) @executable_path/Frameworks";
				PRODUCT_BUNDLE_IDENTIFIER = com.swimming978.looseChange;
				PRODUCT_NAME = "$(TARGET_NAME)";
			};
			name = Debug;
		};
		3405993A1C4A176700AD2677 /* Release */ = {
			isa = XCBuildConfiguration;
			buildSettings = {
				ASSETCATALOG_COMPILER_APPICON_NAME = AppIcon;
				INFOPLIST_FILE = looseChange/Info.plist;
				LD_RUNPATH_SEARCH_PATHS = "$(inherited) @executable_path/Frameworks";
				PRODUCT_BUNDLE_IDENTIFIER = com.swimming978.looseChange;
				PRODUCT_NAME = "$(TARGET_NAME)";
			};
			name = Release;
		};
		3405993C1C4A176700AD2677 /* Debug */ = {
			isa = XCBuildConfiguration;
			buildSettings = {
				BUNDLE_LOADER = "$(TEST_HOST)";
				INFOPLIST_FILE = looseChangeTests/Info.plist;
				LD_RUNPATH_SEARCH_PATHS = "$(inherited) @executable_path/Frameworks @loader_path/Frameworks";
				PRODUCT_BUNDLE_IDENTIFIER = com.swimming978.looseChangeTests;
				PRODUCT_NAME = "$(TARGET_NAME)";
				TEST_HOST = "$(BUILT_PRODUCTS_DIR)/looseChange.app/looseChange";
			};
			name = Debug;
		};
		3405993D1C4A176700AD2677 /* Release */ = {
			isa = XCBuildConfiguration;
			buildSettings = {
				BUNDLE_LOADER = "$(TEST_HOST)";
				INFOPLIST_FILE = looseChangeTests/Info.plist;
				LD_RUNPATH_SEARCH_PATHS = "$(inherited) @executable_path/Frameworks @loader_path/Frameworks";
				PRODUCT_BUNDLE_IDENTIFIER = com.swimming978.looseChangeTests;
				PRODUCT_NAME = "$(TARGET_NAME)";
				TEST_HOST = "$(BUILT_PRODUCTS_DIR)/looseChange.app/looseChange";
			};
			name = Release;
		};
		3405993F1C4A176700AD2677 /* Debug */ = {
			isa = XCBuildConfiguration;
			buildSettings = {
				INFOPLIST_FILE = looseChangeUITests/Info.plist;
				LD_RUNPATH_SEARCH_PATHS = "$(inherited) @executable_path/Frameworks @loader_path/Frameworks";
				PRODUCT_BUNDLE_IDENTIFIER = com.swimming978.looseChangeUITests;
				PRODUCT_NAME = "$(TARGET_NAME)";
				TEST_TARGET_NAME = looseChange;
				USES_XCTRUNNER = YES;
			};
			name = Debug;
		};
		340599401C4A176700AD2677 /* Release */ = {
			isa = XCBuildConfiguration;
			buildSettings = {
				INFOPLIST_FILE = looseChangeUITests/Info.plist;
				LD_RUNPATH_SEARCH_PATHS = "$(inherited) @executable_path/Frameworks @loader_path/Frameworks";
				PRODUCT_BUNDLE_IDENTIFIER = com.swimming978.looseChangeUITests;
				PRODUCT_NAME = "$(TARGET_NAME)";
				TEST_TARGET_NAME = looseChange;
				USES_XCTRUNNER = YES;
			};
			name = Release;
		};
/* End XCBuildConfiguration section */

/* Begin XCConfigurationList section */
		3405990B1C4A176700AD2677 /* Build configuration list for PBXProject "looseChange" */ = {
			isa = XCConfigurationList;
			buildConfigurations = (
				340599361C4A176700AD2677 /* Debug */,
				340599371C4A176700AD2677 /* Release */,
			);
			defaultConfigurationIsVisible = 0;
			defaultConfigurationName = Release;
		};
		340599381C4A176700AD2677 /* Build configuration list for PBXNativeTarget "looseChange" */ = {
			isa = XCConfigurationList;
			buildConfigurations = (
				340599391C4A176700AD2677 /* Debug */,
				3405993A1C4A176700AD2677 /* Release */,
			);
			defaultConfigurationIsVisible = 0;
			defaultConfigurationName = Release;
		};
		3405993B1C4A176700AD2677 /* Build configuration list for PBXNativeTarget "looseChangeTests" */ = {
			isa = XCConfigurationList;
			buildConfigurations = (
				3405993C1C4A176700AD2677 /* Debug */,
				3405993D1C4A176700AD2677 /* Release */,
			);
			defaultConfigurationIsVisible = 0;
			defaultConfigurationName = Release;
		};
		3405993E1C4A176700AD2677 /* Build configuration list for PBXNativeTarget "looseChangeUITests" */ = {
			isa = XCConfigurationList;
			buildConfigurations = (
				3405993F1C4A176700AD2677 /* Debug */,
				340599401C4A176700AD2677 /* Release */,
			);
			defaultConfigurationIsVisible = 0;
			defaultConfigurationName = Release;
		};
/* End XCConfigurationList section */
	};
	rootObject = 340599081C4A176700AD2677 /* Project object */;
}
